
Microsoft Visual Studio Solution File, Format Version 12.00
# Visual Studio Version 17
VisualStudioVersion = 17.0.31912.275
MinimumVisualStudioVersion = 10.0.40219.1
Project("{8BC9CEB8-8B4A-11D0-8D11-00A0C91BC942}") = "주교재 도전실전 ㅇ", "주교재 도전실전 ㅇ.vcxproj", "{3157018E-C602-4F41-80CB-988B6DE711C3}"
EndProject
Global
	GlobalSection(SolutionConfigurationPlatforms) = preSolution
		Debug|x64 = Debug|x64
		Debug|x86 = Debug|x86
		Release|x64 = Release|x64
		Release|x86 = Release|x86
	EndGlobalSection
	GlobalSection(ProjectConfigurationPlatforms) = postSolution
		{3157018E-C602-4F41-80CB-988B6DE711C3}.Debug|x64.ActiveCfg = Debug|x64
		{3157018E-C602-4F41-80CB-988B6DE711C3}.Debug|x64.Build.0 = Debug|x64
		{3157018E-C602-4F41-80CB-988B6DE711C3}.Debug|x86.ActiveCfg = Debug|Win32
		{3157018E-C602-4F41-80CB-988B6DE711C3}.Debug|x86.Build.0 = Debug|Win32
		{3157018E-C602-4F41-80CB-988B6DE711C3}.Release|x64.ActiveCfg = Release|x64
		{3157018E-C602-4F41-80CB-988B6DE711C3}.Release|x64.Build.0 = Release|x64
		{3157018E-C602-4F41-80CB-988B6DE711C3}.Release|x86.ActiveCfg = Release|Win32
		{3157018E-C602-4F41-80CB-988B6DE711C3}.Release|x86.Build.0 = Release|Win32
	EndGlobalSection
	GlobalSection(SolutionProperties) = preSolution
		HideSolutionNode = FALSE
	EndGlobalSection
	GlobalSection(ExtensibilityGlobals) = postSolution
		SolutionGuid = {8D8CC8C8-8FE6-4354-A1EC-C80224FBF785}
	EndGlobalSection
EndGlobal
