
Microsoft Visual Studio Solution File, Format Version 12.00
# Visual Studio Version 17
VisualStudioVersion = 17.0.31912.275
MinimumVisualStudioVersion = 10.0.40219.1
Project("{8BC9CEB8-8B4A-11D0-8D11-00A0C91BC942}") = "도전실습예제 재귀호출", "도전실습예제 재귀호출.vcxproj", "{AA89197D-887F-4D87-B0DA-7BA776B64757}"
EndProject
Global
	GlobalSection(SolutionConfigurationPlatforms) = preSolution
		Debug|x64 = Debug|x64
		Debug|x86 = Debug|x86
		Release|x64 = Release|x64
		Release|x86 = Release|x86
	EndGlobalSection
	GlobalSection(ProjectConfigurationPlatforms) = postSolution
		{AA89197D-887F-4D87-B0DA-7BA776B64757}.Debug|x64.ActiveCfg = Debug|x64
		{AA89197D-887F-4D87-B0DA-7BA776B64757}.Debug|x64.Build.0 = Debug|x64
		{AA89197D-887F-4D87-B0DA-7BA776B64757}.Debug|x86.ActiveCfg = Debug|Win32
		{AA89197D-887F-4D87-B0DA-7BA776B64757}.Debug|x86.Build.0 = Debug|Win32
		{AA89197D-887F-4D87-B0DA-7BA776B64757}.Release|x64.ActiveCfg = Release|x64
		{AA89197D-887F-4D87-B0DA-7BA776B64757}.Release|x64.Build.0 = Release|x64
		{AA89197D-887F-4D87-B0DA-7BA776B64757}.Release|x86.ActiveCfg = Release|Win32
		{AA89197D-887F-4D87-B0DA-7BA776B64757}.Release|x86.Build.0 = Release|Win32
	EndGlobalSection
	GlobalSection(SolutionProperties) = preSolution
		HideSolutionNode = FALSE
	EndGlobalSection
	GlobalSection(ExtensibilityGlobals) = postSolution
		SolutionGuid = {7637E029-97B3-49BF-B1BF-FE83B96837A9}
	EndGlobalSection
EndGlobal
